Microsoft Visual Studio Solution File, Format Version 12.00
# Visual Studio Version 17
VisualStudioVersion = 17.5.2.0
MinimumVisualStudioVersion = 10.0.40219.1
Project("{FAE04EC0-301F-11D3-BF4B-00C04F79EFBC}") = "MaksIT.UScheduler", "MaksIT.UScheduler.csproj", "{E81A303A-732F-0CE9-2A4C-4C26971DB9D1}"
EndProject
Global
	GlobalSection(SolutionConfigurationPlatforms) = preSolution
		Debug|Any CPU = Debug|Any CPU
		Release|Any CPU = Release|Any CPU
	EndGlobalSection
	GlobalSection(ProjectConfigurationPlatforms) = postSolution
		{E81A303A-732F-0CE9-2A4C-4C26971DB9D1}.Debug|Any CPU.ActiveCfg = Debug|Any CPU
		{E81A303A-732F-0CE9-2A4C-4C26971DB9D1}.Debug|Any CPU.Build.0 = Debug|Any CPU
		{E81A303A-732F-0CE9-2A4C-4C26971DB9D1}.Release|Any CPU.ActiveCfg = Release|Any CPU
		{E81A303A-732F-0CE9-2A4C-4C26971DB9D1}.Release|Any CPU.Build.0 = Release|Any CPU
	EndGlobalSection
	GlobalSection(SolutionProperties) = preSolution
		HideSolutionNode = FALSE
	EndGlobalSection
	GlobalSection(ExtensibilityGlobals) = postSolution
		SolutionGuid = {F6EE17FC-4D3A-420D-B534-433875D783B3}
	EndGlobalSection
EndGlobal
