<Solution>
  <Project Path="MaksIT.PSScriptGateway/MaksIT.PSScriptGateway.csproj" />
  <Project Path="MaksIT.UScheduler.ScheduleManager/MaksIT.UScheduler.ScheduleManager.csproj" />
  <Project Path="MaksIT.UScheduler.Shared/MaksIT.UScheduler.Shared.csproj" />
  <Project Path="MaksIT.UScheduler.Tests/MaksIT.UScheduler.Tests.csproj" />
  <Project Path="MaksIT.UScheduler/MaksIT.UScheduler.csproj" />
</Solution>
